// !$*UTF8*$!
{
	archiveVersion = 1;
	classes = {
	};
	objectVersion = 46;
	objects = {

/* Begin PBXBuildFile section */
		B6697EDB1B0142F500D90991 /* main.swift in Sources */ = {isa = PBXBuildFile; fileRef = B6697EDA1B0142F500D90991 /* main.swift */; };
		B6697EE21B01431A00D90991 /* VoiceManager.swift in Sources */ = {isa = PBXBuildFile; fileRef = B6697EE11B01431A00D90991 /* VoiceManager.swift */; };
		B68996D71CF0E225008010AE /* HearSwiftly.h in Headers */ = {isa = PBXBuildFile; fileRef = B68996D61CF0E225008010AE /* HearSwiftly.h */; settings = {ATTRIBUTES = (Public, ); }; };
		B68996DE1CF0E225008010AE /* HearSwiftly.framework in Frameworks */ = {isa = PBXBuildFile; fileRef = B68996D41CF0E225008010AE /* HearSwiftly.framework */; };
		B68996E31CF0E225008010AE /* HearSwiftlyTests.swift in Sources */ = {isa = PBXBuildFile; fileRef = B68996E21CF0E225008010AE /* HearSwiftlyTests.swift */; };
/* End PBXBuildFile section */

/* Begin PBXContainerItemProxy section */
		B68996DF1CF0E225008010AE /* PBXContainerItemProxy */ = {
			isa = PBXContainerItemProxy;
			containerPortal = B6697ECF1B0142F500D90991 /* Project object */;
			proxyType = 1;
			remoteGlobalIDString = B68996D31CF0E225008010AE;
			remoteInfo = HearSwiftly;
		};
/* End PBXContainerItemProxy section */

/* Begin PBXCopyFilesBuildPhase section */
		B6697ED51B0142F500D90991 /* CopyFiles */ = {
			isa = PBXCopyFilesBuildPhase;
			buildActionMask = 2147483647;
			dstPath = /usr/share/man/man1/;
			dstSubfolderSpec = 0;
			files = (
			);
			runOnlyForDeploymentPostprocessing = 1;
		};
/* End PBXCopyFilesBuildPhase section */

/* Begin PBXFileReference section */
		B6697ED71B0142F500D90991 /* HearSwiftlySample */ = {isa = PBXFileReference; explicitFileType = "compiled.mach-o.executable"; includeInIndex = 0; path = HearSwiftlySample; sourceTree = BUILT_PRODUCTS_DIR; };
		B6697EDA1B0142F500D90991 /* main.swift */ = {isa = PBXFileReference; lastKnownFileType = sourcecode.swift; path = main.swift; sourceTree = "<group>"; };
		B6697EE11B01431A00D90991 /* VoiceManager.swift */ = {isa = PBXFileReference; fileEncoding = 4; lastKnownFileType = sourcecode.swift; path = VoiceManager.swift; sourceTree = "<group>"; };
		B68996D41CF0E225008010AE /* HearSwiftly.framework */ = {isa = PBXFileReference; explicitFileType = wrapper.framework; includeInIndex = 0; path = HearSwiftly.framework; sourceTree = BUILT_PRODUCTS_DIR; };
		B68996D61CF0E225008010AE /* HearSwiftly.h */ = {isa = PBXFileReference; lastKnownFileType = sourcecode.c.h; path = HearSwiftly.h; sourceTree = "<group>"; };
		B68996D81CF0E225008010AE /* Info.plist */ = {isa = PBXFileReference; lastKnownFileType = text.plist.xml; path = Info.plist; sourceTree = "<group>"; };
		B68996DD1CF0E225008010AE /* HearSwiftlyTests.xctest */ = {isa = PBXFileReference; explicitFileType = wrapper.cfbundle; includeInIndex = 0; path = HearSwiftlyTests.xctest; sourceTree = BUILT_PRODUCTS_DIR; };
		B68996E21CF0E225008010AE /* HearSwiftlyTests.swift */ = {isa = PBXFileReference; lastKnownFileType = sourcecode.swift; path = HearSwiftlyTests.swift; sourceTree = "<group>"; };
		B68996E41CF0E225008010AE /* Info.plist */ = {isa = PBXFileReference; lastKnownFileType = text.plist.xml; path = Info.plist; sourceTree = "<group>"; };
/* End PBXFileReference section */

/* Begin PBXFrameworksBuildPhase section */
		B6697ED41B0142F500D90991 /* Frameworks */ = {
			isa = PBXFrameworksBuildPhase;
			buildActionMask = 2147483647;
			files = (
			);
			runOnlyForDeploymentPostprocessing = 0;
		};
		B68996D01CF0E225008010AE /* Frameworks */ = {
			isa = PBXFrameworksBuildPhase;
			buildActionMask = 2147483647;
			files = (
			);
			runOnlyForDeploymentPostprocessing = 0;
		};
		B68996DA1CF0E225008010AE /* Frameworks */ = {
			isa = PBXFrameworksBuildPhase;
			buildActionMask = 2147483647;
			files = (
				B68996DE1CF0E225008010AE /* HearSwiftly.framework in Frameworks */,
			);
			runOnlyForDeploymentPostprocessing = 0;
		};
/* End PBXFrameworksBuildPhase section */

/* Begin PBXGroup section */
		B6697ECE1B0142F500D90991 = {
			isa = PBXGroup;
			children = (
				B68996D51CF0E225008010AE /* HearSwiftly */,
				B68996E11CF0E225008010AE /* HearSwiftlyTests */,
				B6697ED91B0142F500D90991 /* HearSwiftlySample */,
				B6697ED81B0142F500D90991 /* Products */,
			);
			sourceTree = "<group>";
		};
		B6697ED81B0142F500D90991 /* Products */ = {
			isa = PBXGroup;
			children = (
				B6697ED71B0142F500D90991 /* HearSwiftlySample */,
				B68996D41CF0E225008010AE /* HearSwiftly.framework */,
				B68996DD1CF0E225008010AE /* HearSwiftlyTests.xctest */,
			);
			name = Products;
			sourceTree = "<group>";
		};
		B6697ED91B0142F500D90991 /* HearSwiftlySample */ = {
			isa = PBXGroup;
			children = (
				B6697EDA1B0142F500D90991 /* main.swift */,
			);
			name = HearSwiftlySample;
			path = HearSwiftly;
			sourceTree = "<group>";
		};
		B68996D51CF0E225008010AE /* HearSwiftly */ = {
			isa = PBXGroup;
			children = (
				B6697EE11B01431A00D90991 /* VoiceManager.swift */,
				B68996D61CF0E225008010AE /* HearSwiftly.h */,
				B68996D81CF0E225008010AE /* Info.plist */,
			);
			path = HearSwiftly;
			sourceTree = "<group>";
		};
		B68996E11CF0E225008010AE /* HearSwiftlyTests */ = {
			isa = PBXGroup;
			children = (
				B68996E21CF0E225008010AE /* HearSwiftlyTests.swift */,
				B68996E41CF0E225008010AE /* Info.plist */,
			);
			path = HearSwiftlyTests;
			sourceTree = "<group>";
		};
/* End PBXGroup section */

/* Begin PBXHeadersBuildPhase section */
		B68996D11CF0E225008010AE /* Headers */ = {
			isa = PBXHeadersBuildPhase;
			buildActionMask = 2147483647;
			files = (
				B68996D71CF0E225008010AE /* HearSwiftly.h in Headers */,
			);
			runOnlyForDeploymentPostprocessing = 0;
		};
/* End PBXHeadersBuildPhase section */

/* Begin PBXNativeTarget section */
		B6697ED61B0142F500D90991 /* HearSwiftlySample */ = {
			isa = PBXNativeTarget;
			buildConfigurationList = B6697EDE1B0142F500D90991 /* Build configuration list for PBXNativeTarget "HearSwiftlySample" */;
			buildPhases = (
				B6697ED31B0142F500D90991 /* Sources */,
				B6697ED41B0142F500D90991 /* Frameworks */,
				B6697ED51B0142F500D90991 /* CopyFiles */,
			);
			buildRules = (
			);
			dependencies = (
			);
			name = HearSwiftlySample;
			productName = HearSwiftly;
			productReference = B6697ED71B0142F500D90991 /* HearSwiftlySample */;
			productType = "com.apple.product-type.tool";
		};
		B68996D31CF0E225008010AE /* HearSwiftly */ = {
			isa = PBXNativeTarget;
			buildConfigurationList = B68996E51CF0E225008010AE /* Build configuration list for PBXNativeTarget "HearSwiftly" */;
			buildPhases = (
				B68996CF1CF0E225008010AE /* Sources */,
				B68996D01CF0E225008010AE /* Frameworks */,
				B68996D11CF0E225008010AE /* Headers */,
				B68996D21CF0E225008010AE /* Resources */,
			);
			buildRules = (
			);
			dependencies = (
			);
			name = HearSwiftly;
			productName = HearSwiftly;
			productReference = B68996D41CF0E225008010AE /* HearSwiftly.framework */;
			productType = "com.apple.product-type.framework";
		};
		B68996DC1CF0E225008010AE /* HearSwiftlyTests */ = {
			isa = PBXNativeTarget;
			buildConfigurationList = B68996E81CF0E225008010AE /* Build configuration list for PBXNativeTarget "HearSwiftlyTests" */;
			buildPhases = (
				B68996D91CF0E225008010AE /* Sources */,
				B68996DA1CF0E225008010AE /* Frameworks */,
				B68996DB1CF0E225008010AE /* Resources */,
			);
			buildRules = (
			);
			dependencies = (
				B68996E01CF0E225008010AE /* PBXTargetDependency */,
			);
			name = HearSwiftlyTests;
			productName = HearSwiftlyTests;
			productReference = B68996DD1CF0E225008010AE /* HearSwiftlyTests.xctest */;
			productType = "com.apple.product-type.bundle.unit-test";
		};
/* End PBXNativeTarget section */

/* Begin PBXProject section */
		B6697ECF1B0142F500D90991 /* Project object */ = {
			isa = PBXProject;
			attributes = {
				LastSwiftMigration = 0730;
				LastSwiftUpdateCheck = 0730;
				LastUpgradeCheck = 0730;
				ORGANIZATIONNAME = "Dan Leong Apps";
				TargetAttributes = {
					B6697ED61B0142F500D90991 = {
						CreatedOnToolsVersion = 6.3.1;
					};
					B68996D31CF0E225008010AE = {
						CreatedOnToolsVersion = 7.3;
					};
					B68996DC1CF0E225008010AE = {
						CreatedOnToolsVersion = 7.3;
					};
				};
			};
			buildConfigurationList = B6697ED21B0142F500D90991 /* Build configuration list for PBXProject "HearSwiftly" */;
			compatibilityVersion = "Xcode 3.2";
			developmentRegion = English;
			hasScannedForEncodings = 0;
			knownRegions = (
				en,
			);
			mainGroup = B6697ECE1B0142F500D90991;
			productRefGroup = B6697ED81B0142F500D90991 /* Products */;
			projectDirPath = "";
			projectRoot = "";
			targets = (
				B68996D31CF0E225008010AE /* HearSwiftly */,
				B6697ED61B0142F500D90991 /* HearSwiftlySample */,
				B68996DC1CF0E225008010AE /* HearSwiftlyTests */,
			);
		};
/* End PBXProject section */

/* Begin PBXResourcesBuildPhase section */
		B68996D21CF0E225008010AE /* Resources */ = {
			isa = PBXResourcesBuildPhase;
			buildActionMask = 2147483647;
			files = (
			);
			runOnlyForDeploymentPostprocessing = 0;
		};
		B68996DB1CF0E225008010AE /* Resources */ = {
			isa = PBXResourcesBuildPhase;
			buildActionMask = 2147483647;
			files = (
			);
			runOnlyForDeploymentPostprocessing = 0;
		};
/* End PBXResourcesBuildPhase section */

/* Begin PBXSourcesBuildPhase section */
		B6697ED31B0142F500D90991 /* Sources */ = {
			isa = PBXSourcesBuildPhase;
			buildActionMask = 2147483647;
			files = (
				B6697EE21B01431A00D90991 /* VoiceManager.swift in Sources */,
				B6697EDB1B0142F500D90991 /* main.swift in Sources */,
			);
			runOnlyForDeploymentPostprocessing = 0;
		};
		B68996CF1CF0E225008010AE /* Sources */ = {
			isa = PBXSourcesBuildPhase;
			buildActionMask = 2147483647;
			files = (
			);
			runOnlyForDeploymentPostprocessing = 0;
		};
		B68996D91CF0E225008010AE /* Sources */ = {
			isa = PBXSourcesBuildPhase;
			buildActionMask = 2147483647;
			files = (
				B68996E31CF0E225008010AE /* HearSwiftlyTests.swift in Sources */,
			);
			runOnlyForDeploymentPostprocessing = 0;
		};
/* End PBXSourcesBuildPhase section */

/* Begin PBXTargetDependency section */
		B68996E01CF0E225008010AE /* PBXTargetDependency */ = {
			isa = PBXTargetDependency;
			target = B68996D31CF0E225008010AE /* HearSwiftly */;
			targetProxy = B68996DF1CF0E225008010AE /* PBXContainerItemProxy */;
		};
/* End PBXTargetDependency section */

/* Begin XCBuildConfiguration section */
		B6697EDC1B0142F500D90991 /* Debug */ = {
			isa = XCBuildConfiguration;
			buildSettings = {
				ALWAYS_SEARCH_USER_PATHS = NO;
				CLANG_CXX_LANGUAGE_STANDARD = "gnu++0x";
				CLANG_CXX_LIBRARY = "libc++";
				CLANG_ENABLE_MODULES = YES;
				CLANG_ENABLE_OBJC_ARC = YES;
				CLANG_WARN_BOOL_CONVERSION = YES;
				CLANG_WARN_CONSTANT_CONVERSION = YES;
				CLANG_WARN_DIRECT_OBJC_ISA_USAGE = YES_ERROR;
				CLANG_WARN_EMPTY_BODY = YES;
				CLANG_WARN_ENUM_CONVERSION = YES;
				CLANG_WARN_INT_CONVERSION = YES;
				CLANG_WARN_OBJC_ROOT_CLASS = YES_ERROR;
				CLANG_WARN_UNREACHABLE_CODE = YES;
				CLANG_WARN__DUPLICATE_METHOD_MATCH = YES;
				COPY_PHASE_STRIP = NO;
				DEBUG_INFORMATION_FORMAT = dwarf;
				ENABLE_STRICT_OBJC_MSGSEND = YES;
				ENABLE_TESTABILITY = YES;
				GCC_C_LANGUAGE_STANDARD = gnu99;
				GCC_DYNAMIC_NO_PIC = NO;
				GCC_NO_COMMON_BLOCKS = YES;
				GCC_OPTIMIZATION_LEVEL = 0;
				GCC_PREPROCESSOR_DEFINITIONS = (
					"DEBUG=1",
					"$(inherited)",
				);
				GCC_SYMBOLS_PRIVATE_EXTERN = NO;
				GCC_WARN_64_TO_32_BIT_CONVERSION = YES;
				GCC_WARN_ABOUT_RETURN_TYPE = YES_ERROR;
				GCC_WARN_UNDECLARED_SELECTOR = YES;
				GCC_WARN_UNINITIALIZED_AUTOS = YES_AGGRESSIVE;
				GCC_WARN_UNUSED_FUNCTION = YES;
				GCC_WARN_UNUSED_VARIABLE = YES;
				MACOSX_DEPLOYMENT_TARGET = 10.10;
				MTL_ENABLE_DEBUG_INFO = YES;
				ONLY_ACTIVE_ARCH = YES;
				SDKROOT = macosx;
				SWIFT_OPTIMIZATION_LEVEL = "-Onone";
			};
			name = Debug;
		};
		B6697EDD1B0142F500D90991 /* Release */ = {
			isa = XCBuildConfiguration;
			buildSettings = {
				ALWAYS_SEARCH_USER_PATHS = NO;
				CLANG_CXX_LANGUAGE_STANDARD = "gnu++0x";
				CLANG_CXX_LIBRARY = "libc++";
				CLANG_ENABLE_MODULES = YES;
				CLANG_ENABLE_OBJC_ARC = YES;
				CLANG_WARN_BOOL_CONVERSION = YES;
				CLANG_WARN_CONSTANT_CONVERSION = YES;
				CLANG_WARN_DIRECT_OBJC_ISA_USAGE = YES_ERROR;
				CLANG_WARN_EMPTY_BODY = YES;
				CLANG_WARN_ENUM_CONVERSION = YES;
				CLANG_WARN_INT_CONVERSION = YES;
				CLANG_WARN_OBJC_ROOT_CLASS = YES_ERROR;
				CLANG_WARN_UNREACHABLE_CODE = YES;
				CLANG_WARN__DUPLICATE_METHOD_MATCH = YES;
				COPY_PHASE_STRIP = NO;
				DEBUG_INFORMATION_FORMAT = "dwarf-with-dsym";
				ENABLE_NS_ASSERTIONS = NO;
				ENABLE_STRICT_OBJC_MSGSEND = YES;
				GCC_C_LANGUAGE_STANDARD = gnu99;
				GCC_NO_COMMON_BLOCKS = YES;
				GCC_WARN_64_TO_32_BIT_CONVERSION = YES;
				GCC_WARN_ABOUT_RETURN_TYPE = YES_ERROR;
				GCC_WARN_UNDECLARED_SELECTOR = YES;
				GCC_WARN_UNINITIALIZED_AUTOS = YES_AGGRESSIVE;
				GCC_WARN_UNUSED_FUNCTION = YES;
				GCC_WARN_UNUSED_VARIABLE = YES;
				MACOSX_DEPLOYMENT_TARGET = 10.10;
				MTL_ENABLE_DEBUG_INFO = NO;
				SDKROOT = macosx;
			};
			name = Release;
		};
		B6697EDF1B0142F500D90991 /* Debug */ = {
			isa = XCBuildConfiguration;
			buildSettings = {
				PRODUCT_NAME = "$(TARGET_NAME)";
			};
			name = Debug;
		};
		B6697EE01B0142F500D90991 /* Release */ = {
			isa = XCBuildConfiguration;
			buildSettings = {
				PRODUCT_NAME = "$(TARGET_NAME)";
			};
			name = Release;
		};
		B68996E61CF0E225008010AE /* Debug */ = {
			isa = XCBuildConfiguration;
			buildSettings = {
				CLANG_ANALYZER_NONNULL = YES;
				CODE_SIGN_IDENTITY = "-";
				COMBINE_HIDPI_IMAGES = YES;
				CURRENT_PROJECT_VERSION = 1;
				DEFINES_MODULE = YES;
				DYLIB_COMPATIBILITY_VERSION = 1;
				DYLIB_CURRENT_VERSION = 1;
				DYLIB_INSTALL_NAME_BASE = "@rpath";
				FRAMEWORK_VERSION = A;
				INFOPLIST_FILE = HearSwiftly/Info.plist;
				INSTALL_PATH = "$(LOCAL_LIBRARY_DIR)/Frameworks";
				LD_RUNPATH_SEARCH_PATHS = "$(inherited) @executable_path/../Frameworks @loader_path/Frameworks";
				MACOSX_DEPLOYMENT_TARGET = 10.11;
				PRODUCT_BUNDLE_IDENTIFIER = net.dhleong.HearSwiftly;
				PRODUCT_NAME = "$(TARGET_NAME)";
				SKIP_INSTALL = YES;
				VERSIONING_SYSTEM = "apple-generic";
				VERSION_INFO_PREFIX = "";
			};
			name = Debug;
		};
		B68996E71CF0E225008010AE /* Release */ = {
			isa = XCBuildConfiguration;
			buildSettings = {
				CLANG_ANALYZER_NONNULL = YES;
				CODE_SIGN_IDENTITY = "-";
				COMBINE_HIDPI_IMAGES = YES;
				CURRENT_PROJECT_VERSION = 1;
				DEFINES_MODULE = YES;
				DYLIB_COMPATIBILITY_VERSION = 1;
				DYLIB_CURRENT_VERSION = 1;
				DYLIB_INSTALL_NAME_BASE = "@rpath";
				FRAMEWORK_VERSION = A;
				INFOPLIST_FILE = HearSwiftly/Info.plist;
				INSTALL_PATH = "$(LOCAL_LIBRARY_DIR)/Frameworks";
				LD_RUNPATH_SEARCH_PATHS = "$(inherited) @executable_path/../Frameworks @loader_path/Frameworks";
				MACOSX_DEPLOYMENT_TARGET = 10.11;
				PRODUCT_BUNDLE_IDENTIFIER = net.dhleong.HearSwiftly;
				PRODUCT_NAME = "$(TARGET_NAME)";
				SKIP_INSTALL = YES;
				VERSIONING_SYSTEM = "apple-generic";
				VERSION_INFO_PREFIX = "";
			};
			name = Release;
		};
		B68996E91CF0E225008010AE /* Debug */ = {
			isa = XCBuildConfiguration;
			buildSettings = {
				CLANG_ANALYZER_NONNULL = YES;
				CODE_SIGN_IDENTITY = "-";
				COMBINE_HIDPI_IMAGES = YES;
				INFOPLIST_FILE = HearSwiftlyTests/Info.plist;
				LD_RUNPATH_SEARCH_PATHS = "$(inherited) @executable_path/../Frameworks @loader_path/../Frameworks";
				MACOSX_DEPLOYMENT_TARGET = 10.11;
				PRODUCT_BUNDLE_IDENTIFIER = net.dhleong.HearSwiftlyTests;
				PRODUCT_NAME = "$(TARGET_NAME)";
			};
			name = Debug;
		};
		B68996EA1CF0E225008010AE /* Release */ = {
			isa = XCBuildConfiguration;
			buildSettings = {
				CLANG_ANALYZER_NONNULL = YES;
				CODE_SIGN_IDENTITY = "-";
				COMBINE_HIDPI_IMAGES = YES;
				INFOPLIST_FILE = HearSwiftlyTests/Info.plist;
				LD_RUNPATH_SEARCH_PATHS = "$(inherited) @executable_path/../Frameworks @loader_path/../Frameworks";
				MACOSX_DEPLOYMENT_TARGET = 10.11;
				PRODUCT_BUNDLE_IDENTIFIER = net.dhleong.HearSwiftlyTests;
				PRODUCT_NAME = "$(TARGET_NAME)";
			};
			name = Release;
		};
/* End XCBuildConfiguration section */

/* Begin XCConfigurationList section */
		B6697ED21B0142F500D90991 /* Build configuration list for PBXProject "HearSwiftly" */ = {
			isa = XCConfigurationList;
			buildConfigurations = (
				B6697EDC1B0142F500D90991 /* Debug */,
				B6697EDD1B0142F500D90991 /* Release */,
			);
			defaultConfigurationIsVisible = 0;
			defaultConfigurationName = Release;
		};
		B6697EDE1B0142F500D90991 /* Build configuration list for PBXNativeTarget "HearSwiftlySample" */ = {
			isa = XCConfigurationList;
			buildConfigurations = (
				B6697EDF1B0142F500D90991 /* Debug */,
				B6697EE01B0142F500D90991 /* Release */,
			);
			defaultConfigurationIsVisible = 0;
			defaultConfigurationName = Release;
		};
		B68996E51CF0E225008010AE /* Build configuration list for PBXNativeTarget "HearSwiftly" */ = {
			isa = XCConfigurationList;
			buildConfigurations = (
				B68996E61CF0E225008010AE /* Debug */,
				B68996E71CF0E225008010AE /* Release */,
			);
			defaultConfigurationIsVisible = 0;
		};
		B68996E81CF0E225008010AE /* Build configuration list for PBXNativeTarget "HearSwiftlyTests" */ = {
			isa = XCConfigurationList;
			buildConfigurations = (
				B68996E91CF0E225008010AE /* Debug */,
				B68996EA1CF0E225008010AE /* Release */,
			);
			defaultConfigurationIsVisible = 0;
		};
/* End XCConfigurationList section */
	};
	rootObject = B6697ECF1B0142F500D90991 /* Project object */;
}
